
Microsoft Visual Studio Solution File, Format Version 12.00
# Visual Studio Version 17
VisualStudioVersion = 17.1.32228.430
MinimumVisualStudioVersion = 10.0.40219.1
Project("{FAE04EC0-301F-11D3-BF4B-00C04F79EFBC}") = "codigos", "codigos.csproj", "{336B267E-150B-4008-BA03-458523B7861E}"
EndProject
Global
	GlobalSection(SolutionConfigurationPlatforms) = preSolution
		Debug|Any CPU = Debug|Any CPU
		Release|Any CPU = Release|Any CPU
	EndGlobalSection
	GlobalSection(ProjectConfigurationPlatforms) = postSolution
		{336B267E-150B-4008-BA03-458523B7861E}.Debug|Any CPU.ActiveCfg = Debug|Any CPU
		{336B267E-150B-4008-BA03-458523B7861E}.Debug|Any CPU.Build.0 = Debug|Any CPU
		{336B267E-150B-4008-BA03-458523B7861E}.Release|Any CPU.ActiveCfg = Release|Any CPU
		{336B267E-150B-4008-BA03-458523B7861E}.Release|Any CPU.Build.0 = Release|Any CPU
	EndGlobalSection
	GlobalSection(SolutionProperties) = preSolution
		HideSolutionNode = FALSE
	EndGlobalSection
	GlobalSection(ExtensibilityGlobals) = postSolution
		SolutionGuid = {376C65F5-0BF5-4C1C-8571-09BD9E59F578}
	EndGlobalSection
EndGlobal
